
Microsoft Visual Studio Solution File, Format Version 12.00
# Visual Studio Version 17
VisualStudioVersion = 17.0.31903.59
MinimumVisualStudioVersion = 10.0.40219.1
Project("{9A19103F-16F7-4668-BE54-9A1E7A4F7556}") = "APILayer", "APILayer\APILayer.csproj", "{64F46765-60A6-45D0-9795-4D0B1CD16336}"
EndProject
Project("{9A19103F-16F7-4668-BE54-9A1E7A4F7556}") = "BusinessLogicLayer", "BusinessLogicLayer\BusinessLogicLayer.csproj", "{43755CF3-A9AD-4493-BDC6-360CAEF91E8A}"
EndProject
Project("{9A19103F-16F7-4668-BE54-9A1E7A4F7556}") = "DataAccessLayer", "DataAccessLayer\DataAccessLayer.csproj", "{BC366597-E7E8-4471-BC69-B40C80265606}"
EndProject
Project("{E53339B2-1760-4266-BCC7-CA923CBCF16C}") = "docker-compose", "docker-compose.dcproj", "{4E7B2F88-D26C-4BFB-A53A-7A0E66B519BE}"
EndProject
Project("{FAE04EC0-301F-11D3-BF4B-00C04F79EFBC}") = "APIGateway", "APIGateway\APIGateway.csproj", "{8B5D3AAE-6B90-4541-9726-CB56834A8664}"
EndProject
Global
	GlobalSection(SolutionConfigurationPlatforms) = preSolution
		Debug|Any CPU = Debug|Any CPU
		Debug|x64 = Debug|x64
		Debug|x86 = Debug|x86
		Release|Any CPU = Release|Any CPU
		Release|x64 = Release|x64
		Release|x86 = Release|x86
	EndGlobalSection
	GlobalSection(ProjectConfigurationPlatforms) = postSolution
		{64F46765-60A6-45D0-9795-4D0B1CD16336}.Debug|Any CPU.ActiveCfg = Debug|Any CPU
		{64F46765-60A6-45D0-9795-4D0B1CD16336}.Debug|Any CPU.Build.0 = Debug|Any CPU
		{64F46765-60A6-45D0-9795-4D0B1CD16336}.Debug|x64.ActiveCfg = Debug|Any CPU
		{64F46765-60A6-45D0-9795-4D0B1CD16336}.Debug|x64.Build.0 = Debug|Any CPU
		{64F46765-60A6-45D0-9795-4D0B1CD16336}.Debug|x86.ActiveCfg = Debug|Any CPU
		{64F46765-60A6-45D0-9795-4D0B1CD16336}.Debug|x86.Build.0 = Debug|Any CPU
		{64F46765-60A6-45D0-9795-4D0B1CD16336}.Release|Any CPU.ActiveCfg = Release|Any CPU
		{64F46765-60A6-45D0-9795-4D0B1CD16336}.Release|Any CPU.Build.0 = Release|Any CPU
		{64F46765-60A6-45D0-9795-4D0B1CD16336}.Release|x64.ActiveCfg = Release|Any CPU
		{64F46765-60A6-45D0-9795-4D0B1CD16336}.Release|x64.Build.0 = Release|Any CPU
		{64F46765-60A6-45D0-9795-4D0B1CD16336}.Release|x86.ActiveCfg = Release|Any CPU
		{64F46765-60A6-45D0-9795-4D0B1CD16336}.Release|x86.Build.0 = Release|Any CPU
		{43755CF3-A9AD-4493-BDC6-360CAEF91E8A}.Debug|Any CPU.ActiveCfg = Debug|Any CPU
		{43755CF3-A9AD-4493-BDC6-360CAEF91E8A}.Debug|Any CPU.Build.0 = Debug|Any CPU
		{43755CF3-A9AD-4493-BDC6-360CAEF91E8A}.Debug|x64.ActiveCfg = Debug|Any CPU
		{43755CF3-A9AD-4493-BDC6-360CAEF91E8A}.Debug|x64.Build.0 = Debug|Any CPU
		{43755CF3-A9AD-4493-BDC6-360CAEF91E8A}.Debug|x86.ActiveCfg = Debug|Any CPU
		{43755CF3-A9AD-4493-BDC6-360CAEF91E8A}.Debug|x86.Build.0 = Debug|Any CPU
		{43755CF3-A9AD-4493-BDC6-360CAEF91E8A}.Release|Any CPU.ActiveCfg = Release|Any CPU
		{43755CF3-A9AD-4493-BDC6-360CAEF91E8A}.Release|Any CPU.Build.0 = Release|Any CPU
		{43755CF3-A9AD-4493-BDC6-360CAEF91E8A}.Release|x64.ActiveCfg = Release|Any CPU
		{43755CF3-A9AD-4493-BDC6-360CAEF91E8A}.Release|x64.Build.0 = Release|Any CPU
		{43755CF3-A9AD-4493-BDC6-360CAEF91E8A}.Release|x86.ActiveCfg = Release|Any CPU
		{43755CF3-A9AD-4493-BDC6-360CAEF91E8A}.Release|x86.Build.0 = Release|Any CPU
		{BC366597-E7E8-4471-BC69-B40C80265606}.Debug|Any CPU.ActiveCfg = Debug|Any CPU
		{BC366597-E7E8-4471-BC69-B40C80265606}.Debug|Any CPU.Build.0 = Debug|Any CPU
		{BC366597-E7E8-4471-BC69-B40C80265606}.Debug|x64.ActiveCfg = Debug|Any CPU
		{BC366597-E7E8-4471-BC69-B40C80265606}.Debug|x64.Build.0 = Debug|Any CPU
		{BC366597-E7E8-4471-BC69-B40C80265606}.Debug|x86.ActiveCfg = Debug|Any CPU
		{BC366597-E7E8-4471-BC69-B40C80265606}.Debug|x86.Build.0 = Debug|Any CPU
		{BC366597-E7E8-4471-BC69-B40C80265606}.Release|Any CPU.ActiveCfg = Release|Any CPU
		{BC366597-E7E8-4471-BC69-B40C80265606}.Release|Any CPU.Build.0 = Release|Any CPU
		{BC366597-E7E8-4471-BC69-B40C80265606}.Release|x64.ActiveCfg = Release|Any CPU
		{BC366597-E7E8-4471-BC69-B40C80265606}.Release|x64.Build.0 = Release|Any CPU
		{BC366597-E7E8-4471-BC69-B40C80265606}.Release|x86.ActiveCfg = Release|Any CPU
		{BC366597-E7E8-4471-BC69-B40C80265606}.Release|x86.Build.0 = Release|Any CPU
		{4E7B2F88-D26C-4BFB-A53A-7A0E66B519BE}.Debug|Any CPU.ActiveCfg = Debug|Any CPU
		{4E7B2F88-D26C-4BFB-A53A-7A0E66B519BE}.Debug|Any CPU.Build.0 = Debug|Any CPU
		{4E7B2F88-D26C-4BFB-A53A-7A0E66B519BE}.Debug|x64.ActiveCfg = Debug|Any CPU
		{4E7B2F88-D26C-4BFB-A53A-7A0E66B519BE}.Debug|x64.Build.0 = Debug|Any CPU
		{4E7B2F88-D26C-4BFB-A53A-7A0E66B519BE}.Debug|x86.ActiveCfg = Debug|Any CPU
		{4E7B2F88-D26C-4BFB-A53A-7A0E66B519BE}.Debug|x86.Build.0 = Debug|Any CPU
		{4E7B2F88-D26C-4BFB-A53A-7A0E66B519BE}.Release|Any CPU.ActiveCfg = Release|Any CPU
		{4E7B2F88-D26C-4BFB-A53A-7A0E66B519BE}.Release|Any CPU.Build.0 = Release|Any CPU
		{4E7B2F88-D26C-4BFB-A53A-7A0E66B519BE}.Release|x64.ActiveCfg = Release|Any CPU
		{4E7B2F88-D26C-4BFB-A53A-7A0E66B519BE}.Release|x64.Build.0 = Release|Any CPU
		{4E7B2F88-D26C-4BFB-A53A-7A0E66B519BE}.Release|x86.ActiveCfg = Release|Any CPU
		{4E7B2F88-D26C-4BFB-A53A-7A0E66B519BE}.Release|x86.Build.0 = Release|Any CPU
		{8B5D3AAE-6B90-4541-9726-CB56834A8664}.Debug|Any CPU.ActiveCfg = Debug|Any CPU
		{8B5D3AAE-6B90-4541-9726-CB56834A8664}.Debug|Any CPU.Build.0 = Debug|Any CPU
		{8B5D3AAE-6B90-4541-9726-CB56834A8664}.Debug|x64.ActiveCfg = Debug|Any CPU
		{8B5D3AAE-6B90-4541-9726-CB56834A8664}.Debug|x64.Build.0 = Debug|Any CPU
		{8B5D3AAE-6B90-4541-9726-CB56834A8664}.Debug|x86.ActiveCfg = Debug|Any CPU
		{8B5D3AAE-6B90-4541-9726-CB56834A8664}.Debug|x86.Build.0 = Debug|Any CPU
		{8B5D3AAE-6B90-4541-9726-CB56834A8664}.Release|Any CPU.ActiveCfg = Release|Any CPU
		{8B5D3AAE-6B90-4541-9726-CB56834A8664}.Release|Any CPU.Build.0 = Release|Any CPU
		{8B5D3AAE-6B90-4541-9726-CB56834A8664}.Release|x64.ActiveCfg = Release|Any CPU
		{8B5D3AAE-6B90-4541-9726-CB56834A8664}.Release|x64.Build.0 = Release|Any CPU
		{8B5D3AAE-6B90-4541-9726-CB56834A8664}.Release|x86.ActiveCfg = Release|Any CPU
		{8B5D3AAE-6B90-4541-9726-CB56834A8664}.Release|x86.Build.0 = Release|Any CPU
	EndGlobalSection
	GlobalSection(SolutionProperties) = preSolution
		HideSolutionNode = FALSE
	EndGlobalSection
EndGlobal
